
Microsoft Visual Studio Solution File, Format Version 12.00
# Visual Studio Version 17
VisualStudioVersion = 17.12.35527.113
MinimumVisualStudioVersion = 10.0.40219.1
Project("{FAE04EC0-301F-11D3-BF4B-00C04F79EFBC}") = "LAB_1.1", "LAB_1.1\LAB_1.1.csproj", "{DEA4B046-9102-4769-89C2-6354B49DF54A}"
EndProject
Project("{FAE04EC0-301F-11D3-BF4B-00C04F79EFBC}") = "LAB_OS_1.1", "LAB_OS_1.1\LAB_OS_1.1.csproj", "{AE579135-E306-43CB-B01B-F1669CF84EB5}"
EndProject
Global
	GlobalSection(SolutionConfigurationPlatforms) = preSolution
		Debug|Any CPU = Debug|Any CPU
		Release|Any CPU = Release|Any CPU
	EndGlobalSection
	GlobalSection(ProjectConfigurationPlatforms) = postSolution
		{DEA4B046-9102-4769-89C2-6354B49DF54A}.Debug|Any CPU.ActiveCfg = Debug|Any CPU
		{DEA4B046-9102-4769-89C2-6354B49DF54A}.Debug|Any CPU.Build.0 = Debug|Any CPU
		{DEA4B046-9102-4769-89C2-6354B49DF54A}.Release|Any CPU.ActiveCfg = Release|Any CPU
		{DEA4B046-9102-4769-89C2-6354B49DF54A}.Release|Any CPU.Build.0 = Release|Any CPU
		{AE579135-E306-43CB-B01B-F1669CF84EB5}.Debug|Any CPU.ActiveCfg = Debug|Any CPU
		{AE579135-E306-43CB-B01B-F1669CF84EB5}.Debug|Any CPU.Build.0 = Debug|Any CPU
		{AE579135-E306-43CB-B01B-F1669CF84EB5}.Release|Any CPU.ActiveCfg = Release|Any CPU
		{AE579135-E306-43CB-B01B-F1669CF84EB5}.Release|Any CPU.Build.0 = Release|Any CPU
	EndGlobalSection
	GlobalSection(SolutionProperties) = preSolution
		HideSolutionNode = FALSE
	EndGlobalSection
EndGlobal
